// !$*UTF8*$!
{
	archiveVersion = 1;
	classes = {
	};
	objectVersion = 51;
	objects = {

/* Begin PBXBuildFile section */
		2215214424D4EAC5001901D7 /* AppDelegate.swift in Sources */ = {isa = PBXBuildFile; fileRef = 2215214324D4EAC5001901D7 /* AppDelegate.swift */; };
		2215214624D4EAC5001901D7 /* SceneDelegate.swift in Sources */ = {isa = PBXBuildFile; fileRef = 2215214524D4EAC5001901D7 /* SceneDelegate.swift */; };
		2215214824D4EAC5001901D7 /* StressSaveViewController.swift in Sources */ = {isa = PBXBuildFile; fileRef = 2215214724D4EAC5001901D7 /* StressSaveViewController.swift */; };
		2215214B24D4EAC5001901D7 /* Main.storyboard in Resources */ = {isa = PBXBuildFile; fileRef = 2215214924D4EAC5001901D7 /* Main.storyboard */; };
		2215214D24D4EAC9001901D7 /* Assets.xcassets in Resources */ = {isa = PBXBuildFile; fileRef = 2215214C24D4EAC9001901D7 /* Assets.xcassets */; };
		2215215024D4EAC9001901D7 /* LaunchScreen.storyboard in Resources */ = {isa = PBXBuildFile; fileRef = 2215214E24D4EAC9001901D7 /* LaunchScreen.storyboard */; };
		2258FBFB2548B4D3005BC266 /* SignUpViewController.swift in Sources */ = {isa = PBXBuildFile; fileRef = 2258FBFA2548B4D3005BC266 /* SignUpViewController.swift */; };
		228CBAA5253D852B00439331 /* EditViewController.swift in Sources */ = {isa = PBXBuildFile; fileRef = 228CBAA4253D852B00439331 /* EditViewController.swift */; };
		228CBADB253E0FB200439331 /* LoginViewController.swift in Sources */ = {isa = PBXBuildFile; fileRef = 228CBADA253E0FB200439331 /* LoginViewController.swift */; };
		229FAE812541CF40001A4578 /* TimeLineTableViewController.swift in Sources */ = {isa = PBXBuildFile; fileRef = 229FAE802541CF40001A4578 /* TimeLineTableViewController.swift */; };
		229FAE882541D335001A4578 /* TImeLineModel.swift in Sources */ = {isa = PBXBuildFile; fileRef = 229FAE872541D335001A4578 /* TImeLineModel.swift */; };
		229FAE8B25420827001A4578 /* TimeLineCell.swift in Sources */ = {isa = PBXBuildFile; fileRef = 229FAE8A25420827001A4578 /* TimeLineCell.swift */; };
		229FAEA52542C316001A4578 /* DetailViewController.swift in Sources */ = {isa = PBXBuildFile; fileRef = 229FAEA42542C316001A4578 /* DetailViewController.swift */; };
		22A5B5222537233300FD652A /* GoogleService-Info.plist in Resources */ = {isa = PBXBuildFile; fileRef = 22A5B5212537233300FD652A /* GoogleService-Info.plist */; };
		E91EF4DAE0E33DE3D764DC75 /* Pods_StressBank.framework in Frameworks */ = {isa = PBXBuildFile; fileRef = 072E938ED9C1E07B0DA92421 /* Pods_StressBank.framework */; };
/* End PBXBuildFile section */

/* Begin PBXFileReference section */
		072E938ED9C1E07B0DA92421 /* Pods_StressBank.framework */ = {isa = PBXFileReference; explicitFileType = wrapper.framework; includeInIndex = 0; path = Pods_StressBank.framework; sourceTree = BUILT_PRODUCTS_DIR; };
		2215214024D4EAC5001901D7 /* StressBank.app */ = {isa = PBXFileReference; explicitFileType = wrapper.application; includeInIndex = 0; path = StressBank.app; sourceTree = BUILT_PRODUCTS_DIR; };
		2215214324D4EAC5001901D7 /* AppDelegate.swift */ = {isa = PBXFileReference; lastKnownFileType = sourcecode.swift; path = AppDelegate.swift; sourceTree = "<group>"; };
		2215214524D4EAC5001901D7 /* SceneDelegate.swift */ = {isa = PBXFileReference; lastKnownFileType = sourcecode.swift; path = SceneDelegate.swift; sourceTree = "<group>"; };
		2215214724D4EAC5001901D7 /* StressSaveViewController.swift */ = {isa = PBXFileReference; lastKnownFileType = sourcecode.swift; path = StressSaveViewController.swift; sourceTree = "<group>"; };
		2215214A24D4EAC5001901D7 /* Base */ = {isa = PBXFileReference; lastKnownFileType = file.storyboard; name = Base; path = Base.lproj/Main.storyboard; sourceTree = "<group>"; };
		2215214C24D4EAC9001901D7 /* Assets.xcassets */ = {isa = PBXFileReference; lastKnownFileType = folder.assetcatalog; path = Assets.xcassets; sourceTree = "<group>"; };
		2215214F24D4EAC9001901D7 /* Base */ = {isa = PBXFileReference; lastKnownFileType = file.storyboard; name = Base; path = Base.lproj/LaunchScreen.storyboard; sourceTree = "<group>"; };
		2215215124D4EAC9001901D7 /* Info.plist */ = {isa = PBXFileReference; lastKnownFileType = text.plist.xml; path = Info.plist; sourceTree = "<group>"; };
		2258FBFA2548B4D3005BC266 /* SignUpViewController.swift */ = {isa = PBXFileReference; lastKnownFileType = sourcecode.swift; path = SignUpViewController.swift; sourceTree = "<group>"; };
		228CBAA4253D852B00439331 /* EditViewController.swift */ = {isa = PBXFileReference; lastKnownFileType = sourcecode.swift; path = EditViewController.swift; sourceTree = "<group>"; };
		228CBADA253E0FB200439331 /* LoginViewController.swift */ = {isa = PBXFileReference; lastKnownFileType = sourcecode.swift; path = LoginViewController.swift; sourceTree = "<group>"; };
		229FAE802541CF40001A4578 /* TimeLineTableViewController.swift */ = {isa = PBXFileReference; lastKnownFileType = sourcecode.swift; path = TimeLineTableViewController.swift; sourceTree = "<group>"; };
		229FAE872541D335001A4578 /* TImeLineModel.swift */ = {isa = PBXFileReference; lastKnownFileType = sourcecode.swift; path = TImeLineModel.swift; sourceTree = "<group>"; };
		229FAE8A25420827001A4578 /* TimeLineCell.swift */ = {isa = PBXFileReference; lastKnownFileType = sourcecode.swift; path = TimeLineCell.swift; sourceTree = "<group>"; };
		229FAEA42542C316001A4578 /* DetailViewController.swift */ = {isa = PBXFileReference; lastKnownFileType = sourcecode.swift; path = DetailViewController.swift; sourceTree = "<group>"; };
		22A5B5212537233300FD652A /* GoogleService-Info.plist */ = {isa = PBXFileReference; fileEncoding = 4; lastKnownFileType = text.plist.xml; path = "GoogleService-Info.plist"; sourceTree = "<group>"; };
		606089168118B5967F1381B8 /* Pods-StressBank.debug.xcconfig */ = {isa = PBXFileReference; includeInIndex = 1; lastKnownFileType = text.xcconfig; name = "Pods-StressBank.debug.xcconfig"; path = "Target Support Files/Pods-StressBank/Pods-StressBank.debug.xcconfig"; sourceTree = "<group>"; };
		6DA3FD3BF1E6E1318B66CD85 /* Pods-StressBank.release.xcconfig */ = {isa = PBXFileReference; includeInIndex = 1; lastKnownFileType = text.xcconfig; name = "Pods-StressBank.release.xcconfig"; path = "Target Support Files/Pods-StressBank/Pods-StressBank.release.xcconfig"; sourceTree = "<group>"; };
/* End PBXFileReference section */

/* Begin PBXFrameworksBuildPhase section */
		2215213D24D4EAC5001901D7 /* Frameworks */ = {
			isa = PBXFrameworksBuildPhase;
			buildActionMask = 2147483647;
			files = (
				E91EF4DAE0E33DE3D764DC75 /* Pods_StressBank.framework in Frameworks */,
			);
			runOnlyForDeploymentPostprocessing = 0;
		};
/* End PBXFrameworksBuildPhase section */

/* Begin PBXGroup section */
		2215213724D4EAC5001901D7 = {
			isa = PBXGroup;
			children = (
				2215214224D4EAC5001901D7 /* StressBank */,
				2215214124D4EAC5001901D7 /* Products */,
				53BA825564CA17163D5E8B7C /* Pods */,
				5C48BE13FBFD3FE6F2AC4C8D /* Frameworks */,
			);
			sourceTree = "<group>";
		};
		2215214124D4EAC5001901D7 /* Products */ = {
			isa = PBXGroup;
			children = (
				2215214024D4EAC5001901D7 /* StressBank.app */,
			);
			name = Products;
			sourceTree = "<group>";
		};
		2215214224D4EAC5001901D7 /* StressBank */ = {
			isa = PBXGroup;
			children = (
				228CBAD9253E0E7800439331 /* Model */,
				228CBAD8253E0E6F00439331 /* Views */,
				228CBAD7253E0E5A00439331 /* Controller */,
				2215214324D4EAC5001901D7 /* AppDelegate.swift */,
				2215214524D4EAC5001901D7 /* SceneDelegate.swift */,
				22A5B5212537233300FD652A /* GoogleService-Info.plist */,
				2215215124D4EAC9001901D7 /* Info.plist */,
			);
			path = StressBank;
			sourceTree = "<group>";
		};
		228CBAD7253E0E5A00439331 /* Controller */ = {
			isa = PBXGroup;
			children = (
				228CBAA4253D852B00439331 /* EditViewController.swift */,
				228CBADA253E0FB200439331 /* LoginViewController.swift */,
				2215214724D4EAC5001901D7 /* StressSaveViewController.swift */,
				229FAE802541CF40001A4578 /* TimeLineTableViewController.swift */,
				229FAEA42542C316001A4578 /* DetailViewController.swift */,
				2258FBFA2548B4D3005BC266 /* SignUpViewController.swift */,
			);
			path = Controller;
			sourceTree = "<group>";
		};
		228CBAD8253E0E6F00439331 /* Views */ = {
			isa = PBXGroup;
			children = (
				2215214924D4EAC5001901D7 /* Main.storyboard */,
				2215214E24D4EAC9001901D7 /* LaunchScreen.storyboard */,
				229FAE8A25420827001A4578 /* TimeLineCell.swift */,
			);
			path = Views;
			sourceTree = "<group>";
		};
		228CBAD9253E0E7800439331 /* Model */ = {
			isa = PBXGroup;
			children = (
				2215214C24D4EAC9001901D7 /* Assets.xcassets */,
				229FAE872541D335001A4578 /* TImeLineModel.swift */,
			);
			path = Model;
			sourceTree = "<group>";
		};
		53BA825564CA17163D5E8B7C /* Pods */ = {
			isa = PBXGroup;
			children = (
				606089168118B5967F1381B8 /* Pods-StressBank.debug.xcconfig */,
				6DA3FD3BF1E6E1318B66CD85 /* Pods-StressBank.release.xcconfig */,
			);
			path = Pods;
			sourceTree = "<group>";
		};
		5C48BE13FBFD3FE6F2AC4C8D /* Frameworks */ = {
			isa = PBXGroup;
			children = (
				072E938ED9C1E07B0DA92421 /* Pods_StressBank.framework */,
			);
			name = Frameworks;
			sourceTree = "<group>";
		};
/* End PBXGroup section */

/* Begin PBXNativeTarget section */
		2215213F24D4EAC5001901D7 /* StressBank */ = {
			isa = PBXNativeTarget;
			buildConfigurationList = 2215215424D4EAC9001901D7 /* Build configuration list for PBXNativeTarget "StressBank" */;
			buildPhases = (
				9299B12B5DF53DDA64FB4667 /* [CP] Check Pods Manifest.lock */,
				2215213C24D4EAC5001901D7 /* Sources */,
				2215213D24D4EAC5001901D7 /* Frameworks */,
				2215213E24D4EAC5001901D7 /* Resources */,
				BF9FDF9770BC588A7C1546B0 /* [CP] Embed Pods Frameworks */,
			);
			buildRules = (
			);
			dependencies = (
			);
			name = StressBank;
			productName = StressBank;
			productReference = 2215214024D4EAC5001901D7 /* StressBank.app */;
			productType = "com.apple.product-type.application";
		};
/* End PBXNativeTarget section */

/* Begin PBXProject section */
		2215213824D4EAC5001901D7 /* Project object */ = {
			isa = PBXProject;
			attributes = {
				LastSwiftUpdateCheck = 1160;
				LastUpgradeCheck = 1160;
				ORGANIZATIONNAME = "藤田優作";
				TargetAttributes = {
					2215213F24D4EAC5001901D7 = {
						CreatedOnToolsVersion = 11.6;
					};
				};
			};
			buildConfigurationList = 2215213B24D4EAC5001901D7 /* Build configuration list for PBXProject "StressBank" */;
			compatibilityVersion = "Xcode 9.3";
			developmentRegion = en;
			hasScannedForEncodings = 0;
			knownRegions = (
				en,
				Base,
			);
			mainGroup = 2215213724D4EAC5001901D7;
			productRefGroup = 2215214124D4EAC5001901D7 /* Products */;
			projectDirPath = "";
			projectRoot = "";
			targets = (
				2215213F24D4EAC5001901D7 /* StressBank */,
			);
		};
/* End PBXProject section */

/* Begin PBXResourcesBuildPhase section */
		2215213E24D4EAC5001901D7 /* Resources */ = {
			isa = PBXResourcesBuildPhase;
			buildActionMask = 2147483647;
			files = (
				2215215024D4EAC9001901D7 /* LaunchScreen.storyboard in Resources */,
				2215214D24D4EAC9001901D7 /* Assets.xcassets in Resources */,
				22A5B5222537233300FD652A /* GoogleService-Info.plist in Resources */,
				2215214B24D4EAC5001901D7 /* Main.storyboard in Resources */,
			);
			runOnlyForDeploymentPostprocessing = 0;
		};
/* End PBXResourcesBuildPhase section */

/* Begin PBXShellScriptBuildPhase section */
		9299B12B5DF53DDA64FB4667 /* [CP] Check Pods Manifest.lock */ = {
			isa = PBXShellScriptBuildPhase;
			buildActionMask = 2147483647;
			files = (
			);
			inputFileListPaths = (
			);
			inputPaths = (
				"${PODS_PODFILE_DIR_PATH}/Podfile.lock",
				"${PODS_ROOT}/Manifest.lock",
			);
			name = "[CP] Check Pods Manifest.lock";
			outputFileListPaths = (
			);
			outputPaths = (
				"$(DERIVED_FILE_DIR)/Pods-StressBank-checkManifestLockResult.txt",
			);
			runOnlyForDeploymentPostprocessing = 0;
			shellPath = /bin/sh;
			shellScript = "diff \"${PODS_PODFILE_DIR_PATH}/Podfile.lock\" \"${PODS_ROOT}/Manifest.lock\" > /dev/null\nif [ $? != 0 ] ; then\n    # print error to STDERR\n    echo \"error: The sandbox is not in sync with the Podfile.lock. Run 'pod install' or update your CocoaPods installation.\" >&2\n    exit 1\nfi\n# This output is used by Xcode 'outputs' to avoid re-running this script phase.\necho \"SUCCESS\" > \"${SCRIPT_OUTPUT_FILE_0}\"\n";
			showEnvVarsInLog = 0;
		};
		BF9FDF9770BC588A7C1546B0 /* [CP] Embed Pods Frameworks */ = {
			isa = PBXShellScriptBuildPhase;
			buildActionMask = 2147483647;
			files = (
			);
			inputFileListPaths = (
				"${PODS_ROOT}/Target Support Files/Pods-StressBank/Pods-StressBank-frameworks-${CONFIGURATION}-input-files.xcfilelist",
			);
			name = "[CP] Embed Pods Frameworks";
			outputFileListPaths = (
				"${PODS_ROOT}/Target Support Files/Pods-StressBank/Pods-StressBank-frameworks-${CONFIGURATION}-output-files.xcfilelist",
			);
			runOnlyForDeploymentPostprocessing = 0;
			shellPath = /bin/sh;
			shellScript = "\"${PODS_ROOT}/Target Support Files/Pods-StressBank/Pods-StressBank-frameworks.sh\"\n";
			showEnvVarsInLog = 0;
		};
/* End PBXShellScriptBuildPhase section */

/* Begin PBXSourcesBuildPhase section */
		2215213C24D4EAC5001901D7 /* Sources */ = {
			isa = PBXSourcesBuildPhase;
			buildActionMask = 2147483647;
			files = (
				229FAEA52542C316001A4578 /* DetailViewController.swift in Sources */,
				2215214824D4EAC5001901D7 /* StressSaveViewController.swift in Sources */,
				2215214424D4EAC5001901D7 /* AppDelegate.swift in Sources */,
				229FAE812541CF40001A4578 /* TimeLineTableViewController.swift in Sources */,
				2258FBFB2548B4D3005BC266 /* SignUpViewController.swift in Sources */,
				229FAE882541D335001A4578 /* TImeLineModel.swift in Sources */,
				229FAE8B25420827001A4578 /* TimeLineCell.swift in Sources */,
				228CBAA5253D852B00439331 /* EditViewController.swift in Sources */,
				228CBADB253E0FB200439331 /* LoginViewController.swift in Sources */,
				2215214624D4EAC5001901D7 /* SceneDelegate.swift in Sources */,
			);
			runOnlyForDeploymentPostprocessing = 0;
		};
/* End PBXSourcesBuildPhase section */

/* Begin PBXVariantGroup section */
		2215214924D4EAC5001901D7 /* Main.storyboard */ = {
			isa = PBXVariantGroup;
			children = (
				2215214A24D4EAC5001901D7 /* Base */,
			);
			name = Main.storyboard;
			sourceTree = "<group>";
		};
		2215214E24D4EAC9001901D7 /* LaunchScreen.storyboard */ = {
			isa = PBXVariantGroup;
			children = (
				2215214F24D4EAC9001901D7 /* Base */,
			);
			name = LaunchScreen.storyboard;
			sourceTree = "<group>";
		};
/* End PBXVariantGroup section */

/* Begin XCBuildConfiguration section */
		2215215224D4EAC9001901D7 /* Debug */ = {
			isa = XCBuildConfiguration;
			buildSettings = {
				ALWAYS_SEARCH_USER_PATHS = NO;
				CLANG_ANALYZER_NONNULL = YES;
				CLANG_ANALYZER_NUMBER_OBJECT_CONVERSION = YES_AGGRESSIVE;
				CLANG_CXX_LANGUAGE_STANDARD = "gnu++14";
				CLANG_CXX_LIBRARY = "libc++";
				CLANG_ENABLE_MODULES = YES;
				CLANG_ENABLE_OBJC_ARC = YES;
				CLANG_ENABLE_OBJC_WEAK = YES;
				CLANG_WARN_BLOCK_CAPTURE_AUTORELEASING = YES;
				CLANG_WARN_BOOL_CONVERSION = YES;
				CLANG_WARN_COMMA = YES;
				CLANG_WARN_CONSTANT_CONVERSION = YES;
				CLANG_WARN_DEPRECATED_OBJC_IMPLEMENTATIONS = YES;
				CLANG_WARN_DIRECT_OBJC_ISA_USAGE = YES_ERROR;
				CLANG_WARN_DOCUMENTATION_COMMENTS = YES;
				CLANG_WARN_EMPTY_BODY = YES;
				CLANG_WARN_ENUM_CONVERSION = YES;
				CLANG_WARN_INFINITE_RECURSION = YES;
				CLANG_WARN_INT_CONVERSION = YES;
				CLANG_WARN_NON_LITERAL_NULL_CONVERSION = YES;
				CLANG_WARN_OBJC_IMPLICIT_RETAIN_SELF = YES;
				CLANG_WARN_OBJC_LITERAL_CONVERSION = YES;
				CLANG_WARN_OBJC_ROOT_CLASS = YES_ERROR;
				CLANG_WARN_RANGE_LOOP_ANALYSIS = YES;
				CLANG_WARN_STRICT_PROTOTYPES = YES;
				CLANG_WARN_SUSPICIOUS_MOVE = YES;
				CLANG_WARN_UNGUARDED_AVAILABILITY = YES_AGGRESSIVE;
				CLANG_WARN_UNREACHABLE_CODE = YES;
				CLANG_WARN__DUPLICATE_METHOD_MATCH = YES;
				COPY_PHASE_STRIP = NO;
				DEBUG_INFORMATION_FORMAT = dwarf;
				ENABLE_STRICT_OBJC_MSGSEND = YES;
				ENABLE_TESTABILITY = YES;
				GCC_C_LANGUAGE_STANDARD = gnu11;
				GCC_DYNAMIC_NO_PIC = NO;
				GCC_NO_COMMON_BLOCKS = YES;
				GCC_OPTIMIZATION_LEVEL = 0;
				GCC_PREPROCESSOR_DEFINITIONS = (
					"DEBUG=1",
					"$(inherited)",
				);
				GCC_WARN_64_TO_32_BIT_CONVERSION = YES;
				GCC_WARN_ABOUT_RETURN_TYPE = YES_ERROR;
				GCC_WARN_UNDECLARED_SELECTOR = YES;
				GCC_WARN_UNINITIALIZED_AUTOS = YES_AGGRESSIVE;
				GCC_WARN_UNUSED_FUNCTION = YES;
				GCC_WARN_UNUSED_VARIABLE = YES;
				IPHONEOS_DEPLOYMENT_TARGET = 13.6;
				MTL_ENABLE_DEBUG_INFO = INCLUDE_SOURCE;
				MTL_FAST_MATH = YES;
				ONLY_ACTIVE_ARCH = YES;
				SDKROOT = iphoneos;
				SWIFT_ACTIVE_COMPILATION_CONDITIONS = DEBUG;
				SWIFT_OPTIMIZATION_LEVEL = "-Onone";
			};
			name = Debug;
		};
		2215215324D4EAC9001901D7 /* Release */ = {
			isa = XCBuildConfiguration;
			buildSettings = {
				ALWAYS_SEARCH_USER_PATHS = NO;
				CLANG_ANALYZER_NONNULL = YES;
				CLANG_ANALYZER_NUMBER_OBJECT_CONVERSION = YES_AGGRESSIVE;
				CLANG_CXX_LANGUAGE_STANDARD = "gnu++14";
				CLANG_CXX_LIBRARY = "libc++";
				CLANG_ENABLE_MODULES = YES;
				CLANG_ENABLE_OBJC_ARC = YES;
				CLANG_ENABLE_OBJC_WEAK = YES;
				CLANG_WARN_BLOCK_CAPTURE_AUTORELEASING = YES;
				CLANG_WARN_BOOL_CONVERSION = YES;
				CLANG_WARN_COMMA = YES;
				CLANG_WARN_CONSTANT_CONVERSION = YES;
				CLANG_WARN_DEPRECATED_OBJC_IMPLEMENTATIONS = YES;
				CLANG_WARN_DIRECT_OBJC_ISA_USAGE = YES_ERROR;
				CLANG_WARN_DOCUMENTATION_COMMENTS = YES;
				CLANG_WARN_EMPTY_BODY = YES;
				CLANG_WARN_ENUM_CONVERSION = YES;
				CLANG_WARN_INFINITE_RECURSION = YES;
				CLANG_WARN_INT_CONVERSION = YES;
				CLANG_WARN_NON_LITERAL_NULL_CONVERSION = YES;
				CLANG_WARN_OBJC_IMPLICIT_RETAIN_SELF = YES;
				CLANG_WARN_OBJC_LITERAL_CONVERSION = YES;
				CLANG_WARN_OBJC_ROOT_CLASS = YES_ERROR;
				CLANG_WARN_RANGE_LOOP_ANALYSIS = YES;
				CLANG_WARN_STRICT_PROTOTYPES = YES;
				CLANG_WARN_SUSPICIOUS_MOVE = YES;
				CLANG_WARN_UNGUARDED_AVAILABILITY = YES_AGGRESSIVE;
				CLANG_WARN_UNREACHABLE_CODE = YES;
				CLANG_WARN__DUPLICATE_METHOD_MATCH = YES;
				COPY_PHASE_STRIP = NO;
				DEBUG_INFORMATION_FORMAT = "dwarf-with-dsym";
				ENABLE_NS_ASSERTIONS = NO;
				ENABLE_STRICT_OBJC_MSGSEND = YES;
				GCC_C_LANGUAGE_STANDARD = gnu11;
				GCC_NO_COMMON_BLOCKS = YES;
				GCC_WARN_64_TO_32_BIT_CONVERSION = YES;
				GCC_WARN_ABOUT_RETURN_TYPE = YES_ERROR;
				GCC_WARN_UNDECLARED_SELECTOR = YES;
				GCC_WARN_UNINITIALIZED_AUTOS = YES_AGGRESSIVE;
				GCC_WARN_UNUSED_FUNCTION = YES;
				GCC_WARN_UNUSED_VARIABLE = YES;
				IPHONEOS_DEPLOYMENT_TARGET = 13.6;
				MTL_ENABLE_DEBUG_INFO = NO;
				MTL_FAST_MATH = YES;
				SDKROOT = iphoneos;
				SWIFT_COMPILATION_MODE = wholemodule;
				SWIFT_OPTIMIZATION_LEVEL = "-O";
				VALIDATE_PRODUCT = YES;
			};
			name = Release;
		};
		2215215524D4EAC9001901D7 /* Debug */ = {
			isa = XCBuildConfiguration;
			baseConfigurationReference = 606089168118B5967F1381B8 /* Pods-StressBank.debug.xcconfig */;
			buildSettings = {
				ASSETCATALOG_COMPILER_APPICON_NAME = AppIcon;
				CODE_SIGN_STYLE = Automatic;
				DEVELOPMENT_TEAM = 728MNT2Y45;
				INFOPLIST_FILE = StressBank/Info.plist;
				LD_RUNPATH_SEARCH_PATHS = (
					"$(inherited)",
					"@executable_path/Frameworks",
				);
				PRODUCT_BUNDLE_IDENTIFIER = com.hanjirou.StressBank;
				PRODUCT_NAME = "$(TARGET_NAME)";
				SWIFT_VERSION = 5.0;
				TARGETED_DEVICE_FAMILY = "1,2";
			};
			name = Debug;
		};
		2215215624D4EAC9001901D7 /* Release */ = {
			isa = XCBuildConfiguration;
			baseConfigurationReference = 6DA3FD3BF1E6E1318B66CD85 /* Pods-StressBank.release.xcconfig */;
			buildSettings = {
				ASSETCATALOG_COMPILER_APPICON_NAME = AppIcon;
				CODE_SIGN_STYLE = Automatic;
				DEVELOPMENT_TEAM = 728MNT2Y45;
				INFOPLIST_FILE = StressBank/Info.plist;
				LD_RUNPATH_SEARCH_PATHS = (
					"$(inherited)",
					"@executable_path/Frameworks",
				);
				PRODUCT_BUNDLE_IDENTIFIER = com.hanjirou.StressBank;
				PRODUCT_NAME = "$(TARGET_NAME)";
				SWIFT_VERSION = 5.0;
				TARGETED_DEVICE_FAMILY = "1,2";
			};
			name = Release;
		};
/* End XCBuildConfiguration section */

/* Begin XCConfigurationList section */
		2215213B24D4EAC5001901D7 /* Build configuration list for PBXProject "StressBank" */ = {
			isa = XCConfigurationList;
			buildConfigurations = (
				2215215224D4EAC9001901D7 /* Debug */,
				2215215324D4EAC9001901D7 /* Release */,
			);
			defaultConfigurationIsVisible = 0;
			defaultConfigurationName = Release;
		};
		2215215424D4EAC9001901D7 /* Build configuration list for PBXNativeTarget "StressBank" */ = {
			isa = XCConfigurationList;
			buildConfigurations = (
				2215215524D4EAC9001901D7 /* Debug */,
				2215215624D4EAC9001901D7 /* Release */,
			);
			defaultConfigurationIsVisible = 0;
			defaultConfigurationName = Release;
		};
/* End XCConfigurationList section */
	};
	rootObject = 2215213824D4EAC5001901D7 /* Project object */;
}
